
Microsoft Visual Studio Solution File, Format Version 12.00
# Visual Studio Version 16
VisualStudioVersion = 16.0.29503.13
MinimumVisualStudioVersion = 10.0.40219.1
Project("{FAE04EC0-301F-11D3-BF4B-00C04F79EFBC}") = "RealTimeCommunication", "RealTimeCommunication\RealTimeCommunication.csproj", "{4D96D8A1-9AA1-46FA-8B18-E7A7C47BB8DD}"
EndProject
Global
	GlobalSection(SolutionConfigurationPlatforms) = preSolution
		Debug|Any CPU = Debug|Any CPU
		Release|Any CPU = Release|Any CPU
	EndGlobalSection
	GlobalSection(ProjectConfigurationPlatforms) = postSolution
		{4D96D8A1-9AA1-46FA-8B18-E7A7C47BB8DD}.Debug|Any CPU.ActiveCfg = Debug|Any CPU
		{4D96D8A1-9AA1-46FA-8B18-E7A7C47BB8DD}.Debug|Any CPU.Build.0 = Debug|Any CPU
		{4D96D8A1-9AA1-46FA-8B18-E7A7C47BB8DD}.Release|Any CPU.ActiveCfg = Release|Any CPU
		{4D96D8A1-9AA1-46FA-8B18-E7A7C47BB8DD}.Release|Any CPU.Build.0 = Release|Any CPU
	EndGlobalSection
	GlobalSection(SolutionProperties) = preSolution
		HideSolutionNode = FALSE
	EndGlobalSection
	GlobalSection(ExtensibilityGlobals) = postSolution
		SolutionGuid = {F11C0170-9127-4A2F-B293-F464C70EC669}
	EndGlobalSection
EndGlobal
